react-data-grid@^7.0.0-canary.49:
  version "7.0.0-canary.49"
  resolved "https://registry.npmjs.org/react-data-grid/-/react-data-grid-7.0.0-canary.49.tgz#31625d271b6c7e48b2f3d12fb2cae378f619744d"
  integrity sha512-Jg83CRnJtnv8FF7XeByke0KiJBdfXbnrsS08yxHcqyfTEICFmMdtQXFK8SCH7prYR3HiGtI6NqYcju/Te2Kl6w==
  dependencies:
    clsx "^1.1.1"
