# THIS IS AN AUTOGENERATED FILE. DO NOT EDIT THIS FILE DIRECTLY.
# yarn lockfile v1


"@ant-design/colors@^5.0.0":
  version "5.1.1"
  resolved "https://registry.npm.taobao.org/@ant-design/colors/download/@ant-design/colors-5.1.1.tgz#800b2186b1e27e66432e67d03ed96af3e21d8940"
  integrity sha1-gAshhrHifmZDLmfQPtlq8+IdiUA=
  dependencies:
    "@ctrl/tinycolor" "^3.3.1"

"@ant-design/colors@^6.0.0":
  version "6.0.0"
  resolved "https://registry.npm.taobao.org/@ant-design/colors/download/@ant-design/colors-6.0.0.tgz#9b9366257cffcc47db42b9d0203bb592c13c0298"
  integrity sha1-m5NmJXz/zEfbQrnQIDu1ksE8Apg=
  dependencies:
    "@ctrl/tinycolor" "^3.4.0"

"@ant-design/icons-svg@^4.0.0":
  version "4.1.0"
  resolved "https://registry.npm.taobao.org/@ant-design/icons-svg/download/@ant-design/icons-svg-4.1.0.tgz#480b025f4b20ef7fe8f47d4a4846e4fee84ea06c"
  integrity sha1-SAsCX0sg73/o9H1KSEbk/uhOoGw=

"@ant-design/icons@^4.4.0":
  version "4.6.2"
  resolved "https://registry.npm.taobao.org/@ant-design/icons/download/@ant-design/icons-4.6.2.tgz#290f2e8cde505ab081fda63e511e82d3c48be982"
  integrity sha1-KQ8ujN5QWrCB/aY+UR6C08SL6YI=
  dependencies:
    "@ant-design/colors" "^6.0.0"
    "@ant-design/icons-svg" "^4.0.0"
    "@babel/runtime" "^7.11.2"
    classnames "^2.2.6"
    rc-util "^5.9.4"

"@ant-design/react-slick@~0.28.1":
  version "0.28.3"
  resolved "https://registry.npm.taobao.org/@ant-design/react-slick/download/@ant-design/react-slick-0.28.3.tgz?cache=0&sync_timestamp=1617867868369&other_urls=https%3A%2F%2Fregistry.npm.taobao.org%2F%40ant-design%2Freact-slick%2Fdownload%2F%40ant-design%2Freact-slick-0.28.3.tgz#ad5cf1cf50363c1a3842874d69d0ce1f26696e71"
  integrity sha1-rVzxz1A2PBo4QodNadDOHyZpbnE=
  dependencies:
    "@babel/runtime" "^7.10.4"
    classnames "^2.2.5"
    json2mq "^0.2.0"
    lodash "^4.17.21"
    resize-observer-polyfill "^1.5.0"

"@babel/runtime@^7.10.1", "@babel/runtime@^7.10.2", "@babel/runtime@^7.10.4", "@babel/runtime@^7.11.1", "@babel/runtime@^7.11.2", "@babel/runtime@^7.12.5", "@babel/runtime@^7.2.0", "@babel/runtime@^7.8.4", "@babel/runtime@^7.9.2":
  version "7.13.17"
  resolved "https://registry.nlark.com/@babel/runtime/download/@babel/runtime-7.13.17.tgz?cache=0&sync_timestamp=1618960866380&other_urls=https%3A%2F%2Fregistry.nlark.com%2F%40babel%2Fruntime%2Fdownload%2F%40babel%2Fruntime-7.13.17.tgz#8966d1fc9593bf848602f0662d6b4d0069e3a7ec"
  integrity sha1-iWbR/JWTv4SGAvBmLWtNAGnjp+w=
  dependencies:
    regenerator-runtime "^0.13.4"

"@ctrl/tinycolor@^3.3.1", "@ctrl/tinycolor@^3.4.0":
  version "3.4.0"
  resolved "https://registry.npm.taobao.org/@ctrl/tinycolor/download/@ctrl/tinycolor-3.4.0.tgz#c3c5ae543c897caa9c2a68630bed355be5f9990f"
  integrity sha1-w8WuVDyJfKqcKmhjC+01W+X5mQ8=

"@jest/types@^26.6.2":
  version "26.6.2"
  resolved "https://registry.nlark.com/@jest/types/download/@jest/types-26.6.2.tgz#bef5a532030e1d88a2f5a6d933f84e97226ed48e"
  integrity sha1-vvWlMgMOHYii9abZM/hOlyJu1I4=
  dependencies:
    "@types/istanbul-lib-coverage" "^2.0.0"
    "@types/istanbul-reports" "^3.0.0"
    "@types/node" "*"
    "@types/yargs" "^15.0.0"
    chalk "^4.0.0"

"@react-dnd/asap@^4.0.0":
  version "4.0.0"
  resolved "https://registry.npm.taobao.org/@react-dnd/asap/download/@react-dnd/asap-4.0.0.tgz#b300eeed83e9801f51bd66b0337c9a6f04548651"
  integrity sha1-swDu7YPpgB9RvWawM3yabwRUhlE=

"@react-dnd/invariant@^2.0.0":
  version "2.0.0"
  resolved "https://registry.npm.taobao.org/@react-dnd/invariant/download/@react-dnd/invariant-2.0.0.tgz#09d2e81cd39e0e767d7da62df9325860f24e517e"
  integrity sha1-CdLoHNOeDnZ9faYt+TJYYPJOUX4=

"@react-dnd/shallowequal@^2.0.0":
  version "2.0.0"
  resolved "https://registry.npm.taobao.org/@react-dnd/shallowequal/download/@react-dnd/shallowequal-2.0.0.tgz#a3031eb54129f2c66b2753f8404266ec7bf67f0a"
  integrity sha1-owMetUEp8sZrJ1P4QEJm7Hv2fwo=

"@types/hoist-non-react-statics@^3.3.1":
  version "3.3.1"
  resolved "https://registry.npm.taobao.org/@types/hoist-non-react-statics/download/@types/hoist-non-react-statics-3.3.1.tgz#1124aafe5118cb591977aeb1ceaaed1070eb039f"
  integrity sha1-ESSq/lEYy1kZd66xzqrtEHDrA58=
  dependencies:
    "@types/react" "*"
    hoist-non-react-statics "^3.3.0"

"@types/istanbul-lib-coverage@*", "@types/istanbul-lib-coverage@^2.0.0":
  version "2.0.3"
  resolved "https://registry.npm.taobao.org/@types/istanbul-lib-coverage/download/@types/istanbul-lib-coverage-2.0.3.tgz#4ba8ddb720221f432e443bd5f9117fd22cfd4762"
  integrity sha1-S6jdtyAiH0MuRDvV+RF/0iz9R2I=

"@types/istanbul-lib-report@*":
  version "3.0.0"
  resolved "https://registry.nlark.com/@types/istanbul-lib-report/download/@types/istanbul-lib-report-3.0.0.tgz#c14c24f18ea8190c118ee7562b7ff99a36552686"
  integrity sha1-wUwk8Y6oGQwRjudWK3/5mjZVJoY=
  dependencies:
    "@types/istanbul-lib-coverage" "*"

"@types/istanbul-reports@^3.0.0":
  version "3.0.0"
  resolved "https://registry.nlark.com/@types/istanbul-reports/download/@types/istanbul-reports-3.0.0.tgz#508b13aa344fa4976234e75dddcc34925737d821"
  integrity sha1-UIsTqjRPpJdiNOdd3cw0klc32CE=
  dependencies:
    "@types/istanbul-lib-report" "*"

"@types/jest@^26.0.16":
  version "26.0.23"
  resolved "https://registry.nlark.com/@types/jest/download/@types/jest-26.0.23.tgz#a1b7eab3c503b80451d019efb588ec63522ee4e7"
  integrity sha1-obfqs8UDuARR0BnvtYjsY1Iu5Oc=
  dependencies:
    jest-diff "^26.0.0"
    pretty-format "^26.0.0"

"@types/lodash@^4.14.165":
  version "4.14.168"
  resolved "https://registry.npm.taobao.org/@types/lodash/download/@types/lodash-4.14.168.tgz?cache=0&sync_timestamp=1613379222224&other_urls=https%3A%2F%2Fregistry.npm.taobao.org%2F%40types%2Flodash%2Fdownload%2F%40types%2Flodash-4.14.168.tgz#fe24632e79b7ade3f132891afff86caa5e5ce008"
  integrity sha1-/iRjLnm3rePxMoka//hsql5c4Ag=

"@types/mockjs@^1.0.3":
  version "1.0.3"
  resolved "https://registry.nlark.com/@types/mockjs/download/@types/mockjs-1.0.3.tgz#bd8ee3c7cbbd9a18788ab677b9e4f97c8d0bb0bf"
  integrity sha1-vY7jx8u9mhh4irZ3ueT5fI0LsL8=

"@types/node@*":
  version "15.0.1"
  resolved "https://registry.nlark.com/@types/node/download/@types/node-15.0.1.tgz#ef34dea0881028d11398be5bf4e856743e3dc35a"
  integrity sha1-7zTeoIgQKNETmL5b9OhWdD49w1o=

"@types/node@^14.14.31":
  version "14.14.43"
  resolved "https://registry.nlark.com/@types/node/download/@types/node-14.14.43.tgz#26bcbb0595b305400e8ceaf9a127a7f905ae49c8"
  integrity sha1-Jry7BZWzBUAOjOr5oSen+QWuScg=

"@types/prop-types@*":
  version "15.7.3"
  resolved "https://registry.nlark.com/@types/prop-types/download/@types/prop-types-15.7.3.tgz#2ab0d5da2e5815f94b0b9d4b95d1e5f243ab2ca7"
  integrity sha1-KrDV2i5YFflLC51LldHl8kOrLKc=

"@types/qs@^6.9.5":
  version "6.9.6"
  resolved "https://registry.npm.taobao.org/@types/qs/download/@types/qs-6.9.6.tgz?cache=0&sync_timestamp=1615109224464&other_urls=https%3A%2F%2Fregistry.npm.taobao.org%2F%40types%2Fqs%2Fdownload%2F%40types%2Fqs-6.9.6.tgz#df9c3c8b31a247ec315e6996566be3171df4b3b1"
  integrity sha1-35w8izGiR+wxXmmWVmvjFx30s7E=

"@types/react-dom@^17.0.0":
  version "17.0.3"
  resolved "https://registry.npm.taobao.org/@types/react-dom/download/@types/react-dom-17.0.3.tgz?cache=0&sync_timestamp=1616459857029&other_urls=https%3A%2F%2Fregistry.npm.taobao.org%2F%40types%2Freact-dom%2Fdownload%2F%40types%2Freact-dom-17.0.3.tgz#7fdf37b8af9d6d40127137865bb3fff8871d7ee1"
  integrity sha1-f983uK+dbUAScTeGW7P/+IcdfuE=
  dependencies:
    "@types/react" "*"

"@types/react@*", "@types/react@^17.0.0":
  version "17.0.4"
  resolved "https://registry.nlark.com/@types/react/download/@types/react-17.0.4.tgz?cache=0&sync_timestamp=1619433244479&other_urls=https%3A%2F%2Fregistry.nlark.com%2F%40types%2Freact%2Fdownload%2F%40types%2Freact-17.0.4.tgz#a67c6f7a460d2660e950d9ccc1c2f18525c28220"
  integrity sha1-pnxvekYNJmDpUNnMwcLxhSXCgiA=
  dependencies:
    "@types/prop-types" "*"
    "@types/scheduler" "*"
    csstype "^3.0.2"

"@types/scheduler@*":
  version "0.16.1"
  resolved "https://registry.npm.taobao.org/@types/scheduler/download/@types/scheduler-0.16.1.tgz#18845205e86ff0038517aab7a18a62a6b9f71275"
  integrity sha1-GIRSBehv8AOFF6q3oYpiprn3EnU=

"@types/yargs-parser@*":
  version "20.2.0"
  resolved "https://registry.nlark.com/@types/yargs-parser/download/@types/yargs-parser-20.2.0.tgz#dd3e6699ba3237f0348cd085e4698780204842f9"
  integrity sha1-3T5mmboyN/A0jNCF5GmHgCBIQvk=

"@types/yargs@^15.0.0":
  version "15.0.13"
  resolved "https://registry.npm.taobao.org/@types/yargs/download/@types/yargs-15.0.13.tgz?cache=0&sync_timestamp=1616698123333&other_urls=https%3A%2F%2Fregistry.npm.taobao.org%2F%40types%2Fyargs%2Fdownload%2F%40types%2Fyargs-15.0.13.tgz#34f7fec8b389d7f3c1fd08026a5763e072d3c6dc"
  integrity sha1-NPf+yLOJ1/PB/QgCaldj4HLTxtw=
  dependencies:
    "@types/yargs-parser" "*"

ansi-regex@^5.0.0:
  version "5.0.0"
  resolved "https://registry.npm.taobao.org/ansi-regex/download/ansi-regex-5.0.0.tgz?cache=0&sync_timestamp=1618552978881&other_urls=https%3A%2F%2Fregistry.npm.taobao.org%2Fansi-regex%2Fdownload%2Fansi-regex-5.0.0.tgz#388539f55179bf39339c81af30a654d69f87cb75"
  integrity sha1-OIU59VF5vzkznIGvMKZU1p+Hy3U=

ansi-styles@^4.0.0, ansi-styles@^4.1.0:
  version "4.3.0"
  resolved "https://registry.nlark.com/ansi-styles/download/ansi-styles-4.3.0.tgz#edd803628ae71c04c85ae7a0906edad34b648937"
  integrity sha1-7dgDYornHATIWuegkG7a00tkiTc=
  dependencies:
    color-convert "^2.0.1"

antd@4.12.2:
  version "4.12.2"
  resolved "https://registry.nlark.com/antd/download/antd-4.12.2.tgz#3e00b21de418c94a358bf1fc064de15654a30161"
  integrity sha1-PgCyHeQYyUo1i/H8Bk3hVlSjAWE=
  dependencies:
    "@ant-design/colors" "^5.0.0"
    "@ant-design/icons" "^4.4.0"
    "@ant-design/react-slick" "~0.28.1"
    "@babel/runtime" "^7.12.5"
    array-tree-filter "^2.1.0"
    classnames "^2.2.6"
    copy-to-clipboard "^3.2.0"
    lodash "^4.17.20"
    moment "^2.25.3"
    rc-cascader "~1.4.0"
    rc-checkbox "~2.3.0"
    rc-collapse "~3.1.0"
    rc-dialog "~8.5.1"
    rc-drawer "~4.2.0"
    rc-dropdown "~3.2.0"
    rc-field-form "~1.18.0"
    rc-image "~5.2.0"
    rc-input-number "~6.2.0"
    rc-mentions "~1.5.0"
    rc-menu "~8.10.0"
    rc-motion "^2.4.0"
    rc-notification "~4.5.2"
    rc-pagination "~3.1.2"
    rc-picker "~2.5.1"
    rc-progress "~3.1.0"
    rc-rate "~2.9.0"
    rc-resize-observer "^1.0.0"
    rc-select "~12.1.0"
    rc-slider "~9.7.1"
    rc-steps "~4.1.0"
    rc-switch "~3.2.0"
    rc-table "~7.13.0"
    rc-tabs "~11.7.0"
    rc-textarea "~0.3.0"
    rc-tooltip "~5.0.0"
    rc-tree "~4.1.0"
    rc-tree-select "~4.3.0"
    rc-trigger "^5.2.1"
    rc-upload "~3.3.4"
    rc-util "^5.7.0"
    scroll-into-view-if-needed "^2.2.25"
    warning "^4.0.3"

array-tree-filter@^2.1.0:
  version "2.1.0"
  resolved "https://registry.npm.taobao.org/array-tree-filter/download/array-tree-filter-2.1.0.tgz#873ac00fec83749f255ac8dd083814b4f6329190"
  integrity sha1-hzrAD+yDdJ8lWsjdCDgUtPYykZA=

async-validator@^3.0.3:
  version "3.5.1"
  resolved "https://registry.nlark.com/async-validator/download/async-validator-3.5.1.tgz#cd62b9688b2465f48420e27adb47760ab1b5559f"
  integrity sha1-zWK5aIskZfSEIOJ620d2CrG1VZ8=

axios@0.21.0:
  version "0.21.0"
  resolved "https://registry.npm.taobao.org/axios/download/axios-0.21.0.tgz#26df088803a2350dff2c27f96fef99fe49442aca"
  integrity sha1-Jt8IiAOiNQ3/LCf5b++Z/klEKso=
  dependencies:
    follow-redirects "^1.10.0"

chalk@^4.0.0:
  version "4.1.1"
  resolved "https://registry.nlark.com/chalk/download/chalk-4.1.1.tgz?cache=0&sync_timestamp=1618995384030&other_urls=https%3A%2F%2Fregistry.nlark.com%2Fchalk%2Fdownload%2Fchalk-4.1.1.tgz#c80b3fab28bf6371e6863325eee67e618b77e6ad"
  integrity sha1-yAs/qyi/Y3HmhjMl7uZ+YYt35q0=
  dependencies:
    ansi-styles "^4.1.0"
    supports-color "^7.1.0"

classnames@2.x, classnames@^2.2.1, classnames@^2.2.3, classnames@^2.2.5, classnames@^2.2.6:
  version "2.3.1"
  resolved "https://registry.npm.taobao.org/classnames/download/classnames-2.3.1.tgz?cache=0&sync_timestamp=1617401788995&other_urls=https%3A%2F%2Fregistry.npm.taobao.org%2Fclassnames%2Fdownload%2Fclassnames-2.3.1.tgz#dfcfa3891e306ec1dad105d0e88f4417b8535e8e"
  integrity sha1-38+jiR4wbsHa0QXQ6I9EF7hTXo4=

clsx@^1.1.1:
  version "1.1.1"
  resolved "https://registry.npm.taobao.org/clsx/download/clsx-1.1.1.tgz#98b3134f9abbdf23b2663491ace13c5c03a73188"
  integrity sha1-mLMTT5q73yOyZjSRrOE8XAOnMYg=

color-convert@^2.0.1:
  version "2.0.1"
  resolved "https://registry.nlark.com/color-convert/download/color-convert-2.0.1.tgz#72d3a68d598c9bdb3af2ad1e84f21d896abd4de3"
  integrity sha1-ctOmjVmMm9s68q0ehPIdiWq9TeM=
  dependencies:
    color-name "~1.1.4"

color-name@~1.1.4:
  version "1.1.4"
  resolved "https://registry.npm.taobao.org/color-name/download/color-name-1.1.4.tgz#c2a09a87acbde69543de6f63fa3995c826c536a2"
  integrity sha1-wqCah6y95pVD3m9j+jmVyCbFNqI=

compute-scroll-into-view@^1.0.17:
  version "1.0.17"
  resolved "https://registry.npm.taobao.org/compute-scroll-into-view/download/compute-scroll-into-view-1.0.17.tgz?cache=0&sync_timestamp=1614042424875&other_urls=https%3A%2F%2Fregistry.npm.taobao.org%2Fcompute-scroll-into-view%2Fdownload%2Fcompute-scroll-into-view-1.0.17.tgz#6a88f18acd9d42e9cf4baa6bec7e0522607ab7ab"
  integrity sha1-aojxis2dQunPS6pr7H4FImB6t6s=

copy-to-clipboard@^3, copy-to-clipboard@^3.2.0:
  version "3.3.1"
  resolved "https://registry.npm.taobao.org/copy-to-clipboard/download/copy-to-clipboard-3.3.1.tgz#115aa1a9998ffab6196f93076ad6da3b913662ae"
  integrity sha1-EVqhqZmP+rYZb5MHatbaO5E2Yq4=
  dependencies:
    toggle-selection "^1.0.6"

csstype@^3.0.2:
  version "3.0.8"
  resolved "https://registry.nlark.com/csstype/download/csstype-3.0.8.tgz#d2266a792729fb227cd216fb572f43728e1ad340"
  integrity sha1-0iZqeScp+yJ80hb7Vy9Dco4a00A=

date-fns@^2.15.0:
  version "2.21.1"
  resolved "https://registry.npm.taobao.org/date-fns/download/date-fns-2.21.1.tgz?cache=0&sync_timestamp=1618472675902&other_urls=https%3A%2F%2Fregistry.npm.taobao.org%2Fdate-fns%2Fdownload%2Fdate-fns-2.21.1.tgz#679a4ccaa584c0706ea70b3fa92262ac3009d2b0"
  integrity sha1-Z5pMyqWEwHBupws/qSJirDAJ0rA=

diff-sequences@^26.6.2:
  version "26.6.2"
  resolved "https://registry.npm.taobao.org/diff-sequences/download/diff-sequences-26.6.2.tgz#48ba99157de1923412eed41db6b6d4aa9ca7c0b1"
  integrity sha1-SLqZFX3hkjQS7tQdtrbUqpynwLE=

dnd-core@^11.1.3:
  version "11.1.3"
  resolved "https://registry.npm.taobao.org/dnd-core/download/dnd-core-11.1.3.tgz?cache=0&sync_timestamp=1615265348991&other_urls=https%3A%2F%2Fregistry.npm.taobao.org%2Fdnd-core%2Fdownload%2Fdnd-core-11.1.3.tgz#f92099ba7245e49729d2433157031a6267afcc98"
  integrity sha1-+SCZunJF5Jcp0kMxVwMaYmevzJg=
  dependencies:
    "@react-dnd/asap" "^4.0.0"
    "@react-dnd/invariant" "^2.0.0"
    redux "^4.0.4"

dom-align@^1.7.0:
  version "1.12.0"
  resolved "https://registry.npm.taobao.org/dom-align/download/dom-align-1.12.0.tgz?cache=0&sync_timestamp=1589854754211&other_urls=https%3A%2F%2Fregistry.npm.taobao.org%2Fdom-align%2Fdownload%2Fdom-align-1.12.0.tgz#56fb7156df0b91099830364d2d48f88963f5a29c"
  integrity sha1-VvtxVt8LkQmYMDZNLUj4iWP1opw=

egenie-common@^0.4.30:
  version "0.4.30"
  resolved "https://registry.npmmirror.com/egenie-common/download/egenie-common-0.4.30.tgz#44285ae349dbff9d0f7fe486856f2b4561db8b4b"
  integrity sha1-RCha40nb/50Pf+SGhW8rRWHbi0s=

egenie-data-grid@^0.4.29:
  version "0.4.29"
  resolved "https://registry.npmmirror.com/egenie-data-grid/download/egenie-data-grid-0.4.29.tgz#67de14e1516dd12396b8590534ba92002b3829ab"
  integrity sha1-Z94U4VFt0SOWuFkFNLqSACs4Kas=
  dependencies:
    clsx "^1.1.1"

follow-redirects@^1.10.0:
  version "1.14.0"
  resolved "https://registry.nlark.com/follow-redirects/download/follow-redirects-1.14.0.tgz?cache=0&sync_timestamp=1619369154979&other_urls=https%3A%2F%2Fregistry.nlark.com%2Ffollow-redirects%2Fdownload%2Ffollow-redirects-1.14.0.tgz#f5d260f95c5f8c105894491feee5dc8993b402fe"
  integrity sha1-9dJg+VxfjBBYlEkf7uXciZO0Av4=

has-flag@^4.0.0:
  version "4.0.0"
  resolved "https://registry.npm.taobao.org/has-flag/download/has-flag-4.0.0.tgz?cache=0&sync_timestamp=1618559697170&other_urls=https%3A%2F%2Fregistry.npm.taobao.org%2Fhas-flag%2Fdownload%2Fhas-flag-4.0.0.tgz#944771fd9c81c81265c4d6941860da06bb59479b"
  integrity sha1-lEdx/ZyByBJlxNaUGGDaBrtZR5s=

hoist-non-react-statics@^3.3.0, hoist-non-react-statics@^3.3.2:
  version "3.3.2"
  resolved "https://registry.npm.taobao.org/hoist-non-react-statics/download/hoist-non-react-statics-3.3.2.tgz?cache=0&sync_timestamp=1579737660183&other_urls=https%3A%2F%2Fregistry.npm.taobao.org%2Fhoist-non-react-statics%2Fdownload%2Fhoist-non-react-statics-3.3.2.tgz#ece0acaf71d62c2969c2ec59feff42a4b1a85b45"
  integrity sha1-7OCsr3HWLClpwuxZ/v9CpLGoW0U=
  dependencies:
    react-is "^16.7.0"

invariant@^2.2.4:
  version "2.2.4"
  resolved "https://registry.nlark.com/invariant/download/invariant-2.2.4.tgz#610f3c92c9359ce1db616e538008d23ff35158e6"
  integrity sha1-YQ88ksk1nOHbYW5TgAjSP/NRWOY=
  dependencies:
    loose-envify "^1.0.0"

jest-diff@^26.0.0:
  version "26.6.2"
  resolved "https://registry.nlark.com/jest-diff/download/jest-diff-26.6.2.tgz#1aa7468b52c3a68d7d5c5fdcdfcd5e49bd164394"
  integrity sha1-GqdGi1LDpo19XF/c381eSb0WQ5Q=
  dependencies:
    chalk "^4.0.0"
    diff-sequences "^26.6.2"
    jest-get-type "^26.3.0"
    pretty-format "^26.6.2"

jest-get-type@^26.3.0:
  version "26.3.0"
  resolved "https://registry.nlark.com/jest-get-type/download/jest-get-type-26.3.0.tgz#e97dc3c3f53c2b406ca7afaed4493b1d099199e0"
  integrity sha1-6X3Dw/U8K0Bsp6+u1Ek7HQmRmeA=

"js-tokens@^3.0.0 || ^4.0.0":
  version "4.0.0"
  resolved "https://registry.nlark.com/js-tokens/download/js-tokens-4.0.0.tgz?cache=0&sync_timestamp=1619345098261&other_urls=https%3A%2F%2Fregistry.nlark.com%2Fjs-tokens%2Fdownload%2Fjs-tokens-4.0.0.tgz#19203fb59991df98e3a287050d4647cdeaf32499"
  integrity sha1-GSA/tZmR35jjoocFDUZHzerzJJk=

json2mq@^0.2.0:
  version "0.2.0"
  resolved "https://registry.npm.taobao.org/json2mq/download/json2mq-0.2.0.tgz#b637bd3ba9eabe122c83e9720483aeb10d2c904a"
  integrity sha1-tje9O6nqvhIsg+lyBIOusQ0skEo=
  dependencies:
    string-convert "^0.2.0"

lodash@4.17.20:
  version "4.17.20"
  resolved "https://registry.npm.taobao.org/lodash/download/lodash-4.17.20.tgz#b44a9b6297bcb698f1c51a3545a2b3b368d59c52"
  integrity sha1-tEqbYpe8tpjxxRo1RaKzs2jVnFI=

lodash@^4.17.20, lodash@^4.17.21:
  version "4.17.21"
  resolved "https://registry.npm.taobao.org/lodash/download/lodash-4.17.21.tgz#679591c564c3bffaae8454cf0b3df370c3d6911c"
  integrity sha1-Z5WRxWTDv/quhFTPCz3zcMPWkRw=

loose-envify@^1.0.0, loose-envify@^1.1.0, loose-envify@^1.4.0:
  version "1.4.0"
  resolved "https://registry.nlark.com/loose-envify/download/loose-envify-1.4.0.tgz#71ee51fa7be4caec1a63839f7e682d8132d30caf"
  integrity sha1-ce5R+nvkyuwaY4OffmgtgTLTDK8=
  dependencies:
    js-tokens "^3.0.0 || ^4.0.0"

mini-store@^3.0.1:
  version "3.0.6"
  resolved "https://registry.npm.taobao.org/mini-store/download/mini-store-3.0.6.tgz?cache=0&sync_timestamp=1596177046365&other_urls=https%3A%2F%2Fregistry.npm.taobao.org%2Fmini-store%2Fdownload%2Fmini-store-3.0.6.tgz#44b86be5b2877271224ce0689b3a35a2dffb1ca9"
  integrity sha1-RLhr5bKHcnEiTOBomzo1ot/7HKk=
  dependencies:
    hoist-non-react-statics "^3.3.2"
    shallowequal "^1.0.2"

mobx-react-lite@^2.2.0:
  version "2.2.2"
  resolved "https://registry.npm.taobao.org/mobx-react-lite/download/mobx-react-lite-2.2.2.tgz#87c217dc72b4e47b22493daf155daf3759f868a6"
  integrity sha1-h8IX3HK05HsiST2vFV2vN1n4aKY=

mobx-react@6.3.1:
  version "6.3.1"
  resolved "https://registry.npm.taobao.org/mobx-react/download/mobx-react-6.3.1.tgz#204f9756e42e19d91cb6598837063b7e7de87c52"
  integrity sha1-IE+XVuQuGdkctlmINwY7fn3ofFI=
  dependencies:
    mobx-react-lite "^2.2.0"

mobx@5.15.7:
  version "5.15.7"
  resolved "https://registry.nlark.com/mobx/download/mobx-5.15.7.tgz?cache=0&sync_timestamp=1619171408362&other_urls=https%3A%2F%2Fregistry.nlark.com%2Fmobx%2Fdownload%2Fmobx-5.15.7.tgz#b9a5f2b6251f5d96980d13c78e9b5d8d4ce22665"
  integrity sha1-uaXytiUfXZaYDRPHjptdjUziJmU=

moment@2.29.1, moment@^2.24.0, moment@^2.25.3:
  version "2.29.1"
  resolved "https://registry.npm.taobao.org/moment/download/moment-2.29.1.tgz?cache=0&sync_timestamp=1601983557585&other_urls=https%3A%2F%2Fregistry.npm.taobao.org%2Fmoment%2Fdownload%2Fmoment-2.29.1.tgz#b2be769fa31940be9eeea6469c075e35006fa3d3"
  integrity sha1-sr52n6MZQL6e7qZGnAdeNQBvo9M=

nanoid@^3.1.21:
  version "3.1.22"
  resolved "https://registry.npm.taobao.org/nanoid/download/nanoid-3.1.22.tgz#b35f8fb7d151990a8aebd5aa5015c03cf726f844"
  integrity sha1-s1+Pt9FRmQqK69WqUBXAPPcm+EQ=

object-assign@^4.1.1:
  version "4.1.1"
  resolved "https://registry.npm.taobao.org/object-assign/download/object-assign-4.1.1.tgz#2109adc7965887cfc05cbbd442cac8bfbb360863"
  integrity sha1-IQmtx5ZYh8/AXLvUQsrIv7s2CGM=

pretty-format@^26.0.0, pretty-format@^26.6.2:
  version "26.6.2"
  resolved "https://registry.npm.taobao.org/pretty-format/download/pretty-format-26.6.2.tgz?cache=0&sync_timestamp=1618267602004&other_urls=https%3A%2F%2Fregistry.npm.taobao.org%2Fpretty-format%2Fdownload%2Fpretty-format-26.6.2.tgz#e35c2705f14cb7fe2fe94fa078345b444120fc93"
  integrity sha1-41wnBfFMt/4v6U+geDRbREEg/JM=
  dependencies:
    "@jest/types" "^26.6.2"
    ansi-regex "^5.0.0"
    ansi-styles "^4.0.0"
    react-is "^17.0.1"

prop-types@^15.5.7, prop-types@^15.5.8:
  version "15.7.2"
  resolved "https://registry.nlark.com/prop-types/download/prop-types-15.7.2.tgz?cache=0&other_urls=https%3A%2F%2Fregistry.nlark.com%2Fprop-types%2Fdownload%2Fprop-types-15.7.2.tgz#52c41e75b8c87e72b9d9360e0206b99dcbffa6c5"
  integrity sha1-UsQedbjIfnK52TYOAga5ncv/psU=
  dependencies:
    loose-envify "^1.4.0"
    object-assign "^4.1.1"
    react-is "^16.8.1"

qs@6.9.4:
  version "6.9.4"
  resolved "https://registry.npm.taobao.org/qs/download/qs-6.9.4.tgz#9090b290d1f91728d3c22e54843ca44aea5ab687"
  integrity sha1-kJCykNH5FyjTwi5UhDykSupatoc=

rc-align@^4.0.0:
  version "4.0.9"
  resolved "https://registry.npm.taobao.org/rc-align/download/rc-align-4.0.9.tgz?cache=0&sync_timestamp=1604568297783&other_urls=https%3A%2F%2Fregistry.npm.taobao.org%2Frc-align%2Fdownload%2Frc-align-4.0.9.tgz#46d8801c4a139ff6a65ad1674e8efceac98f85f2"
  integrity sha1-RtiAHEoTn/amWtFnTo786smPhfI=
  dependencies:
    "@babel/runtime" "^7.10.1"
    classnames "2.x"
    dom-align "^1.7.0"
    rc-util "^5.3.0"
    resize-observer-polyfill "^1.5.1"

rc-cascader@~1.4.0:
  version "1.4.2"
  resolved "https://registry.npm.taobao.org/rc-cascader/download/rc-cascader-1.4.2.tgz?cache=0&sync_timestamp=1610106931849&other_urls=https%3A%2F%2Fregistry.npm.taobao.org%2Frc-cascader%2Fdownload%2Frc-cascader-1.4.2.tgz#caa81098e3ef4d5f823f9156f6d8d6dbd6321afa"
  integrity sha1-yqgQmOPvTV+CP5FW9tjW29YyGvo=
  dependencies:
    "@babel/runtime" "^7.12.5"
    array-tree-filter "^2.1.0"
    rc-trigger "^5.0.4"
    rc-util "^5.0.1"
    warning "^4.0.1"

rc-checkbox@~2.3.0:
  version "2.3.2"
  resolved "https://registry.npm.taobao.org/rc-checkbox/download/rc-checkbox-2.3.2.tgz#f91b3678c7edb2baa8121c9483c664fa6f0aefc1"
  integrity sha1-+Rs2eMftsrqoEhyUg8Zk+m8K78E=
  dependencies:
    "@babel/runtime" "^7.10.1"
    classnames "^2.2.1"

rc-collapse@~3.1.0:
  version "3.1.0"
  resolved "https://registry.npm.taobao.org/rc-collapse/download/rc-collapse-3.1.0.tgz?cache=0&sync_timestamp=1606217090642&other_urls=https%3A%2F%2Fregistry.npm.taobao.org%2Frc-collapse%2Fdownload%2Frc-collapse-3.1.0.tgz#4ce5e612568c5fbeaf368cc39214471c1461a1a1"
  integrity sha1-TOXmElaMX76vNozDkhRHHBRhoaE=
  dependencies:
    "@babel/runtime" "^7.10.1"
    classnames "2.x"
    rc-motion "^2.3.4"
    rc-util "^5.2.1"
    shallowequal "^1.1.0"

rc-dialog@~8.5.0, rc-dialog@~8.5.1:
  version "8.5.2"
  resolved "https://registry.npm.taobao.org/rc-dialog/download/rc-dialog-8.5.2.tgz#530e289c25a31c15c85a0e8a4ba3f33414bff418"
  integrity sha1-Uw4onCWjHBXIWg6KS6PzNBS/9Bg=
  dependencies:
    "@babel/runtime" "^7.10.1"
    classnames "^2.2.6"
    rc-motion "^2.3.0"
    rc-util "^5.6.1"

rc-drawer@~4.2.0:
  version "4.2.2"
  resolved "https://registry.npm.taobao.org/rc-drawer/download/rc-drawer-4.2.2.tgz#5fd8b18ce20575ff22b36e0c5ddbe363c13db555"
  integrity sha1-X9ixjOIFdf8is24MXdvjY8E9tVU=
  dependencies:
    "@babel/runtime" "^7.10.1"
    classnames "^2.2.6"
    rc-util "^5.7.0"

rc-dropdown@^3.1.3, rc-dropdown@~3.2.0:
  version "3.2.0"
  resolved "https://registry.npm.taobao.org/rc-dropdown/download/rc-dropdown-3.2.0.tgz#da6c2ada403842baee3a9e909a0b1a91ba3e1090"
  integrity sha1-2mwq2kA4QrruOp6Qmgsakbo+EJA=
  dependencies:
    "@babel/runtime" "^7.10.1"
    classnames "^2.2.6"
    rc-trigger "^5.0.4"

rc-field-form@~1.18.0:
  version "1.18.1"
  resolved "https://registry.npm.taobao.org/rc-field-form/download/rc-field-form-1.18.1.tgz?cache=0&sync_timestamp=1615543118228&other_urls=https%3A%2F%2Fregistry.npm.taobao.org%2Frc-field-form%2Fdownload%2Frc-field-form-1.18.1.tgz#41027816c80d1acf6f51db085d34c2c35213a701"
  integrity sha1-QQJ4FsgNGs9vUdsIXTTCw1ITpwE=
  dependencies:
    "@babel/runtime" "^7.8.4"
    async-validator "^3.0.3"
    rc-util "^5.0.0"

rc-image@~5.2.0:
  version "5.2.4"
  resolved "https://registry.npm.taobao.org/rc-image/download/rc-image-5.2.4.tgz#ff1059f937bde6ca918c6f1beb316beba911f255"
  integrity sha1-/xBZ+Te95sqRjG8b6zFr66kR8lU=
  dependencies:
    "@babel/runtime" "^7.11.2"
    classnames "^2.2.6"
    rc-dialog "~8.5.0"
    rc-util "^5.0.6"

rc-input-number@~6.2.0:
  version "6.2.0"
  resolved "https://registry.nlark.com/rc-input-number/download/rc-input-number-6.2.0.tgz#8e34ce0fb1078ffd237151dac2b7a66cdc9996f9"
  integrity sha1-jjTOD7EHj/0jcVHawrembNyZlvk=
  dependencies:
    "@babel/runtime" "^7.10.1"
    classnames "^2.2.5"
    rc-util "^5.0.1"

rc-mentions@~1.5.0:
  version "1.5.3"
  resolved "https://registry.npm.taobao.org/rc-mentions/download/rc-mentions-1.5.3.tgz?cache=0&sync_timestamp=1610510524579&other_urls=https%3A%2F%2Fregistry.npm.taobao.org%2Frc-mentions%2Fdownload%2Frc-mentions-1.5.3.tgz#b92bebadf8ad9fb3586ba1af922d63b49d991c67"
  integrity sha1-uSvrrfitn7NYa6Gvki1jtJ2ZHGc=
  dependencies:
    "@babel/runtime" "^7.10.1"
    classnames "^2.2.6"
    rc-menu "^8.0.1"
    rc-textarea "^0.3.0"
    rc-trigger "^5.0.4"
    rc-util "^5.0.1"

rc-menu@^8.0.1, rc-menu@^8.6.1, rc-menu@~8.10.0:
  version "8.10.7"
  resolved "https://registry.npm.taobao.org/rc-menu/download/rc-menu-8.10.7.tgz?cache=0&sync_timestamp=1617107746068&other_urls=https%3A%2F%2Fregistry.npm.taobao.org%2Frc-menu%2Fdownload%2Frc-menu-8.10.7.tgz#8ea2d2c27137f77a8580c403df634ec5d780f046"
  integrity sha1-jqLSwnE393qFgMQD32NOxdeA8EY=
  dependencies:
    "@babel/runtime" "^7.10.1"
    classnames "2.x"
    mini-store "^3.0.1"
    rc-motion "^2.0.1"
    rc-trigger "^5.1.2"
    rc-util "^5.7.0"
    resize-observer-polyfill "^1.5.0"
    shallowequal "^1.1.0"

rc-motion@^2.0.0, rc-motion@^2.0.1, rc-motion@^2.2.0, rc-motion@^2.3.0, rc-motion@^2.3.4, rc-motion@^2.4.0:
  version "2.4.3"
  resolved "https://registry.nlark.com/rc-motion/download/rc-motion-2.4.3.tgz?cache=0&sync_timestamp=1619056719755&other_urls=https%3A%2F%2Fregistry.nlark.com%2Frc-motion%2Fdownload%2Frc-motion-2.4.3.tgz#2afd129da8764ee0372ba83442949d8ecb1c7ad2"
  integrity sha1-Kv0Snah2TuA3K6g0QpSdjsscetI=
  dependencies:
    "@babel/runtime" "^7.11.1"
    classnames "^2.2.1"
    rc-util "^5.2.1"

rc-notification@~4.5.2:
  version "4.5.5"
  resolved "https://registry.npm.taobao.org/rc-notification/download/rc-notification-4.5.5.tgz?cache=0&sync_timestamp=1614675640722&other_urls=https%3A%2F%2Fregistry.npm.taobao.org%2Frc-notification%2Fdownload%2Frc-notification-4.5.5.tgz#9660a495d5f20bd677686e4f7fc00e4f0c1a3849"
  integrity sha1-lmCkldXyC9Z3aG5Pf8AOTwwaOEk=
  dependencies:
    "@babel/runtime" "^7.10.1"
    classnames "2.x"
    rc-motion "^2.2.0"
    rc-util "^5.0.1"

rc-overflow@^1.0.0:
  version "1.1.1"
  resolved "https://registry.nlark.com/rc-overflow/download/rc-overflow-1.1.1.tgz?cache=0&sync_timestamp=1619598085149&other_urls=https%3A%2F%2Fregistry.nlark.com%2Frc-overflow%2Fdownload%2Frc-overflow-1.1.1.tgz#c465e75f115f1b4b0cbe5e05faf3a84469d18190"
  integrity sha1-xGXnXxFfG0sMvl4F+vOoRGnRgZA=
  dependencies:
    "@babel/runtime" "^7.11.1"
    classnames "^2.2.1"
    rc-resize-observer "^1.0.0"
    rc-util "^5.5.1"

rc-pagination@~3.1.2:
  version "3.1.6"
  resolved "https://registry.npm.taobao.org/rc-pagination/download/rc-pagination-3.1.6.tgz#db3c06e50270b52fe272ac527c1fdc2c8d28af1f"
  integrity sha1-2zwG5QJwtS/icqxSfB/cLI0orx8=
  dependencies:
    "@babel/runtime" "^7.10.1"
    classnames "^2.2.1"

rc-picker@~2.5.1:
  version "2.5.10"
  resolved "https://registry.npm.taobao.org/rc-picker/download/rc-picker-2.5.10.tgz#0db17c535a37abbe5d016bdcdfb13d6626f802d0"
  integrity sha1-DbF8U1o3q75dAWvc37E9Zib4AtA=
  dependencies:
    "@babel/runtime" "^7.10.1"
    classnames "^2.2.1"
    date-fns "^2.15.0"
    moment "^2.24.0"
    rc-trigger "^5.0.4"
    rc-util "^5.4.0"
    shallowequal "^1.1.0"

rc-progress@~3.1.0:
  version "3.1.3"
  resolved "https://registry.npm.taobao.org/rc-progress/download/rc-progress-3.1.3.tgz#d77d8fd26d9d948d72c2a28b64b71a6e86df2426"
  integrity sha1-132P0m2dlI1ywqKLZLcabobfJCY=
  dependencies:
    "@babel/runtime" "^7.10.1"
    classnames "^2.2.6"

rc-rate@~2.9.0:
  version "2.9.1"
  resolved "https://registry.npm.taobao.org/rc-rate/download/rc-rate-2.9.1.tgz#e43cb95c4eb90a2c1e0b16ec6614d8c43530a731"
  integrity sha1-5Dy5XE65CiweCxbsZhTYxDUwpzE=
  dependencies:
    "@babel/runtime" "^7.10.1"
    classnames "^2.2.5"
    rc-util "^5.0.1"

rc-resize-observer@^1.0.0:
  version "1.0.0"
  resolved "https://registry.npm.taobao.org/rc-resize-observer/download/rc-resize-observer-1.0.0.tgz?cache=0&sync_timestamp=1608864920080&other_urls=https%3A%2F%2Fregistry.npm.taobao.org%2Frc-resize-observer%2Fdownload%2Frc-resize-observer-1.0.0.tgz#97fb89856f62fec32ab6e40933935cf58e2e102d"
  integrity sha1-l/uJhW9i/sMqtuQJM5Nc9Y4uEC0=
  dependencies:
    "@babel/runtime" "^7.10.1"
    classnames "^2.2.1"
    rc-util "^5.0.0"
    resize-observer-polyfill "^1.5.1"

rc-select@^12.0.0, rc-select@~12.1.0:
  version "12.1.10"
  resolved "https://registry.nlark.com/rc-select/download/rc-select-12.1.10.tgz?cache=0&sync_timestamp=1618886387829&other_urls=https%3A%2F%2Fregistry.nlark.com%2Frc-select%2Fdownload%2Frc-select-12.1.10.tgz#66ce43192751190b7c0e9a0ab1ef79606421ce30"
  integrity sha1-Zs5DGSdRGQt8DpoKse95YGQhzjA=
  dependencies:
    "@babel/runtime" "^7.10.1"
    classnames "2.x"
    rc-motion "^2.0.1"
    rc-overflow "^1.0.0"
    rc-trigger "^5.0.4"
    rc-util "^5.9.8"
    rc-virtual-list "^3.2.0"

rc-slider@~9.7.1:
  version "9.7.2"
  resolved "https://registry.npm.taobao.org/rc-slider/download/rc-slider-9.7.2.tgz?cache=0&sync_timestamp=1616675571247&other_urls=https%3A%2F%2Fregistry.npm.taobao.org%2Frc-slider%2Fdownload%2Frc-slider-9.7.2.tgz#282f571f7582752ebaa33964e441184f4e79ad74"
  integrity sha1-KC9XH3WCdS66ozlk5EEYT055rXQ=
  dependencies:
    "@babel/runtime" "^7.10.1"
    classnames "^2.2.5"
    rc-tooltip "^5.0.1"
    rc-util "^5.0.0"
    shallowequal "^1.1.0"

rc-steps@~4.1.0:
  version "4.1.3"
  resolved "https://registry.npm.taobao.org/rc-steps/download/rc-steps-4.1.3.tgz?cache=0&sync_timestamp=1603284724111&other_urls=https%3A%2F%2Fregistry.npm.taobao.org%2Frc-steps%2Fdownload%2Frc-steps-4.1.3.tgz#208580e22db619e3830ddb7fa41bc886c65d9803"
  integrity sha1-IIWA4i22GeODDdt/pBvIhsZdmAM=
  dependencies:
    "@babel/runtime" "^7.10.2"
    classnames "^2.2.3"
    rc-util "^5.0.1"

rc-switch@~3.2.0:
  version "3.2.2"
  resolved "https://registry.npm.taobao.org/rc-switch/download/rc-switch-3.2.2.tgz#d001f77f12664d52595b4f6fb425dd9e66fba8e8"
  integrity sha1-0AH3fxJmTVJZW09vtCXdnmb7qOg=
  dependencies:
    "@babel/runtime" "^7.10.1"
    classnames "^2.2.1"
    rc-util "^5.0.1"

rc-table@~7.13.0:
  version "7.13.3"
  resolved "https://registry.npm.taobao.org/rc-table/download/rc-table-7.13.3.tgz#25d5f5ec47ee2d8a293aff18c4c4b8876f78c22b"
  integrity sha1-JdX17EfuLYopOv8YxMS4h294wis=
  dependencies:
    "@babel/runtime" "^7.10.1"
    classnames "^2.2.5"
    rc-resize-observer "^1.0.0"
    rc-util "^5.4.0"
    shallowequal "^1.1.0"

rc-tabs@~11.7.0:
  version "11.7.3"
  resolved "https://registry.npm.taobao.org/rc-tabs/download/rc-tabs-11.7.3.tgz?cache=0&sync_timestamp=1608866657379&other_urls=https%3A%2F%2Fregistry.npm.taobao.org%2Frc-tabs%2Fdownload%2Frc-tabs-11.7.3.tgz#32a30e59c6992d60fb58115ba0bf2652b337ed43"
  integrity sha1-MqMOWcaZLWD7WBFboL8mUrM37UM=
  dependencies:
    "@babel/runtime" "^7.11.2"
    classnames "2.x"
    rc-dropdown "^3.1.3"
    rc-menu "^8.6.1"
    rc-resize-observer "^1.0.0"
    rc-util "^5.5.0"

rc-textarea@^0.3.0, rc-textarea@~0.3.0:
  version "0.3.4"
  resolved "https://registry.npm.taobao.org/rc-textarea/download/rc-textarea-0.3.4.tgz#1408a64c87b5e76db5c847699ef9ab5ee97dd6f9"
  integrity sha1-FAimTIe15221yEdpnvmrXul91vk=
  dependencies:
    "@babel/runtime" "^7.10.1"
    classnames "^2.2.1"
    rc-resize-observer "^1.0.0"
    rc-util "^5.7.0"

rc-tooltip@^5.0.1:
  version "5.1.0"
  resolved "https://registry.npm.taobao.org/rc-tooltip/download/rc-tooltip-5.1.0.tgz?cache=0&sync_timestamp=1614588567093&other_urls=https%3A%2F%2Fregistry.npm.taobao.org%2Frc-tooltip%2Fdownload%2Frc-tooltip-5.1.0.tgz#abb453c463c31a705aa01d268279f4ae6ae3b15f"
  integrity sha1-q7RTxGPDGnBaoB0mgnn0rmrjsV8=
  dependencies:
    "@babel/runtime" "^7.11.2"
    rc-trigger "^5.0.0"

rc-tooltip@~5.0.0:
  version "5.0.2"
  resolved "https://registry.npm.taobao.org/rc-tooltip/download/rc-tooltip-5.0.2.tgz?cache=0&sync_timestamp=1614588567093&other_urls=https%3A%2F%2Fregistry.npm.taobao.org%2Frc-tooltip%2Fdownload%2Frc-tooltip-5.0.2.tgz#e48258fc9931bd9281102b2d9eacc5b986cf3258"
  integrity sha1-5IJY/JkxvZKBECstnqzFuYbPMlg=
  dependencies:
    "@babel/runtime" "^7.11.2"
    rc-trigger "^5.0.0"

rc-tree-select@~4.3.0:
  version "4.3.2"
  resolved "https://registry.nlark.com/rc-tree-select/download/rc-tree-select-4.3.2.tgz?cache=0&sync_timestamp=1618886697763&other_urls=https%3A%2F%2Fregistry.nlark.com%2Frc-tree-select%2Fdownload%2Frc-tree-select-4.3.2.tgz#94031e36c819ae23e5154953538d00cc316a7fc0"
  integrity sha1-lAMeNsgZriPlFUlTU40AzDFqf8A=
  dependencies:
    "@babel/runtime" "^7.10.1"
    classnames "2.x"
    rc-select "^12.0.0"
    rc-tree "^4.0.0"
    rc-util "^5.0.5"

rc-tree@^4.0.0, rc-tree@~4.1.0:
  version "4.1.5"
  resolved "https://registry.npm.taobao.org/rc-tree/download/rc-tree-4.1.5.tgz?cache=0&sync_timestamp=1615350499740&other_urls=https%3A%2F%2Fregistry.npm.taobao.org%2Frc-tree%2Fdownload%2Frc-tree-4.1.5.tgz#734ab1bfe835e78791be41442ca0e571147ab6fa"
  integrity sha1-c0qxv+g154eRvkFELKDlcRR6tvo=
  dependencies:
    "@babel/runtime" "^7.10.1"
    classnames "2.x"
    rc-motion "^2.0.1"
    rc-util "^5.0.0"
    rc-virtual-list "^3.0.1"

rc-trigger@^5.0.0, rc-trigger@^5.0.4, rc-trigger@^5.1.2, rc-trigger@^5.2.1:
  version "5.2.6"
  resolved "https://registry.nlark.com/rc-trigger/download/rc-trigger-5.2.6.tgz?cache=0&sync_timestamp=1619590593491&other_urls=https%3A%2F%2Fregistry.nlark.com%2Frc-trigger%2Fdownload%2Frc-trigger-5.2.6.tgz#ae5f320a36400f9399ae571399d76326ce25ec09"
  integrity sha1-rl8yCjZAD5OZrlcTmddjJs4l7Ak=
  dependencies:
    "@babel/runtime" "^7.11.2"
    classnames "^2.2.6"
    rc-align "^4.0.0"
    rc-motion "^2.0.0"
    rc-util "^5.5.0"

rc-upload@~3.3.4:
  version "3.3.4"
  resolved "https://registry.npm.taobao.org/rc-upload/download/rc-upload-3.3.4.tgz?cache=0&sync_timestamp=1616563026236&other_urls=https%3A%2F%2Fregistry.npm.taobao.org%2Frc-upload%2Fdownload%2Frc-upload-3.3.4.tgz#b0668d18661595c69c0621cec220fd116cc79952"
  integrity sha1-sGaNGGYVlcacBiHOwiD9EWzHmVI=
  dependencies:
    "@babel/runtime" "^7.10.1"
    classnames "^2.2.5"
    rc-util "^5.2.0"

rc-util@^5.0.0, rc-util@^5.0.1, rc-util@^5.0.5, rc-util@^5.0.6, rc-util@^5.0.7, rc-util@^5.2.0, rc-util@^5.2.1, rc-util@^5.3.0, rc-util@^5.4.0, rc-util@^5.5.0, rc-util@^5.5.1, rc-util@^5.6.1, rc-util@^5.7.0, rc-util@^5.9.4, rc-util@^5.9.8:
  version "5.12.1"
  resolved "https://registry.nlark.com/rc-util/download/rc-util-5.12.1.tgz#026e889546ad957bd8201512951923821f6dab63"
  integrity sha1-Am6IlUatlXvYIBUSlRkjgh9tq2M=
  dependencies:
    "@babel/runtime" "^7.12.5"
    react-is "^16.12.0"
    shallowequal "^1.1.0"

rc-virtual-list@^3.0.1, rc-virtual-list@^3.2.0:
  version "3.2.6"
  resolved "https://registry.npm.taobao.org/rc-virtual-list/download/rc-virtual-list-3.2.6.tgz?cache=0&sync_timestamp=1610704023686&other_urls=https%3A%2F%2Fregistry.npm.taobao.org%2Frc-virtual-list%2Fdownload%2Frc-virtual-list-3.2.6.tgz#2c92a40f4425e19881b38134d6bd286a11137d2d"
  integrity sha1-LJKkD0Ql4ZiBs4E01r0oahETfS0=
  dependencies:
    classnames "^2.2.6"
    rc-resize-observer "^1.0.0"
    rc-util "^5.0.7"

react-copy-to-clipboard@^5.0.3:
  version "5.0.3"
  resolved "https://registry.npm.taobao.org/react-copy-to-clipboard/download/react-copy-to-clipboard-5.0.3.tgz#2a0623b1115a1d8c84144e9434d3342b5af41ab4"
  integrity sha1-KgYjsRFaHYyEFE6UNNM0K1r0GrQ=
  dependencies:
    copy-to-clipboard "^3"
    prop-types "^15.5.8"

react-dnd-html5-backend@^11.1.3:
  version "11.1.3"
  resolved "https://registry.npm.taobao.org/react-dnd-html5-backend/download/react-dnd-html5-backend-11.1.3.tgz?cache=0&sync_timestamp=1615265349580&other_urls=https%3A%2F%2Fregistry.npm.taobao.org%2Freact-dnd-html5-backend%2Fdownload%2Freact-dnd-html5-backend-11.1.3.tgz#2749f04f416ec230ea193f5c1fbea2de7dffb8f7"
  integrity sha1-J0nwT0FuwjDqGT9cH76i3n3/uPc=
  dependencies:
    dnd-core "^11.1.3"

react-dnd@^11.1.3:
  version "11.1.3"
  resolved "https://registry.npm.taobao.org/react-dnd/download/react-dnd-11.1.3.tgz#f9844f5699ccc55dfc81462c2c19f726e670c1af"
  integrity sha1-+YRPVpnMxV38gUYsLBn3JuZwwa8=
  dependencies:
    "@react-dnd/shallowequal" "^2.0.0"
    "@types/hoist-non-react-statics" "^3.3.1"
    dnd-core "^11.1.3"
    hoist-non-react-statics "^3.3.0"

react-dom@17.0.1:
  version "17.0.1"
  resolved "https://registry.nlark.com/react-dom/download/react-dom-17.0.1.tgz?cache=0&sync_timestamp=1619455493134&other_urls=https%3A%2F%2Fregistry.nlark.com%2Freact-dom%2Fdownload%2Freact-dom-17.0.1.tgz#1de2560474ec9f0e334285662ede52dbc5426fc6"
  integrity sha1-HeJWBHTsnw4zQoVmLt5S28VCb8Y=
  dependencies:
    loose-envify "^1.1.0"
    object-assign "^4.1.1"
    scheduler "^0.20.1"

react-is@^16.12.0, react-is@^16.7.0, react-is@^16.8.1:
  version "16.13.1"
  resolved "https://registry.nlark.com/react-is/download/react-is-16.13.1.tgz#789729a4dc36de2999dc156dd6c1d9c18cea56a4"
  integrity sha1-eJcppNw23imZ3BVt1sHZwYzqVqQ=

react-is@^17.0.1:
  version "17.0.2"
  resolved "https://registry.nlark.com/react-is/download/react-is-17.0.2.tgz#e691d4a8e9c789365655539ab372762b0efb54f0"
  integrity sha1-5pHUqOnHiTZWVVOas3J2Kw77VPA=

react-sortable-hoc@^2.0.0:
  version "2.0.0"
  resolved "https://registry.npm.taobao.org/react-sortable-hoc/download/react-sortable-hoc-2.0.0.tgz#f6780d8aa4b922a21f3e754af542f032677078b7"
  integrity sha1-9ngNiqS5IqIfPnVK9ULwMmdweLc=
  dependencies:
    "@babel/runtime" "^7.2.0"
    invariant "^2.2.4"
    prop-types "^15.5.7"

react@17.0.1:
  version "17.0.1"
  resolved "https://registry.nlark.com/react/download/react-17.0.1.tgz?cache=0&sync_timestamp=1619455940420&other_urls=https%3A%2F%2Fregistry.nlark.com%2Freact%2Fdownload%2Freact-17.0.1.tgz#6e0600416bd57574e3f86d92edba3d9008726127"
  integrity sha1-bgYAQWvVdXTj+G2S7bo9kAhyYSc=
  dependencies:
    loose-envify "^1.1.0"
    object-assign "^4.1.1"

redux@^4.0.4:
  version "4.1.0"
  resolved "https://registry.nlark.com/redux/download/redux-4.1.0.tgz?cache=0&sync_timestamp=1619287188632&other_urls=https%3A%2F%2Fregistry.nlark.com%2Fredux%2Fdownload%2Fredux-4.1.0.tgz#eb049679f2f523c379f1aff345c8612f294c88d4"
  integrity sha1-6wSWefL1I8N58a/zRchhLylMiNQ=
  dependencies:
    "@babel/runtime" "^7.9.2"

regenerator-runtime@^0.13.4:
  version "0.13.7"
  resolved "https://registry.npm.taobao.org/regenerator-runtime/download/regenerator-runtime-0.13.7.tgz#cac2dacc8a1ea675feaabaeb8ae833898ae46f55"
  integrity sha1-ysLazIoepnX+qrrriugziYrkb1U=

resize-observer-polyfill@^1.5.0, resize-observer-polyfill@^1.5.1:
  version "1.5.1"
  resolved "https://registry.nlark.com/resize-observer-polyfill/download/resize-observer-polyfill-1.5.1.tgz#0e9020dd3d21024458d4ebd27e23e40269810464"
  integrity sha1-DpAg3T0hAkRY1OvSfiPkAmmBBGQ=

scheduler@^0.20.1:
  version "0.20.2"
  resolved "https://registry.nlark.com/scheduler/download/scheduler-0.20.2.tgz?cache=0&sync_timestamp=1619455493433&other_urls=https%3A%2F%2Fregistry.nlark.com%2Fscheduler%2Fdownload%2Fscheduler-0.20.2.tgz#4baee39436e34aa93b4874bddcbf0fe8b8b50e91"
  integrity sha1-S67jlDbjSqk7SHS93L8P6Li1DpE=
  dependencies:
    loose-envify "^1.1.0"
    object-assign "^4.1.1"

scroll-into-view-if-needed@^2.2.25:
  version "2.2.28"
  resolved "https://registry.npm.taobao.org/scroll-into-view-if-needed/download/scroll-into-view-if-needed-2.2.28.tgz?cache=0&sync_timestamp=1616457021312&other_urls=https%3A%2F%2Fregistry.npm.taobao.org%2Fscroll-into-view-if-needed%2Fdownload%2Fscroll-into-view-if-needed-2.2.28.tgz#5a15b2f58a52642c88c8eca584644e01703d645a"
  integrity sha1-WhWy9YpSZCyIyOylhGROAXA9ZFo=
  dependencies:
    compute-scroll-into-view "^1.0.17"

shallowequal@^1.0.2, shallowequal@^1.1.0:
  version "1.1.0"
  resolved "https://registry.npm.taobao.org/shallowequal/download/shallowequal-1.1.0.tgz#188d521de95b9087404fd4dcb68b13df0ae4e7f8"
  integrity sha1-GI1SHelbkIdAT9TctosT3wrk5/g=

string-convert@^0.2.0:
  version "0.2.1"
  resolved "https://registry.npm.taobao.org/string-convert/download/string-convert-0.2.1.tgz#6982cc3049fbb4cd85f8b24568b9d9bf39eeff97"
  integrity sha1-aYLMMEn7tM2F+LJFaLnZvznu/5c=

supports-color@^7.1.0:
  version "7.2.0"
  resolved "https://registry.npm.taobao.org/supports-color/download/supports-color-7.2.0.tgz?cache=0&sync_timestamp=1618560959124&other_urls=https%3A%2F%2Fregistry.npm.taobao.org%2Fsupports-color%2Fdownload%2Fsupports-color-7.2.0.tgz#1b7dcdcb32b8138801b3e478ba6a51caa89648da"
  integrity sha1-G33NyzK4E4gBs+R4umpRyqiWSNo=
  dependencies:
    has-flag "^4.0.0"

toggle-selection@^1.0.6:
  version "1.0.6"
  resolved "https://registry.npm.taobao.org/toggle-selection/download/toggle-selection-1.0.6.tgz#6e45b1263f2017fa0acc7d89d78b15b8bf77da32"
  integrity sha1-bkWxJj8gF/oKzH2J14sVuL932jI=

typescript@4.2.4:
  version "4.2.4"
  resolved "https://registry.nlark.com/typescript/download/typescript-4.2.4.tgz#8610b59747de028fda898a8aef0e103f156d0961"
  integrity sha1-hhC1l0feAo/aiYqK7w4QPxVtCWE=

warning@^4.0.1, warning@^4.0.3:
  version "4.0.3"
  resolved "https://registry.npm.taobao.org/warning/download/warning-4.0.3.tgz#16e9e077eb8a86d6af7d64aa1e05fd85b4678ca3"
  integrity sha1-Fungd+uKhtavfWSqHgX9hbRnjKM=
  dependencies:
    loose-envify "^1.0.0"
